
Microsoft Visual Studio Solution File, Format Version 11.00
# Visual Studio 2010
Project("{FAE04EC0-301F-11D3-BF4B-00C04F79EFBC}") = "Assembly-CSharp", "Assembly-CSharp.csproj", "{ede73a65-0a10-74f8-843f-0429c1048944}"
EndProject
Global
	GlobalSection(SolutionConfigurationPlatforms) = preSolution
		Debug|Any CPU = Debug|Any CPU
		Release|Any CPU = Release|Any CPU
	EndGlobalSection
	GlobalSection(ProjectConfigurationPlatforms) = postSolution
		{ede73a65-0a10-74f8-843f-0429c1048944}.Debug|Any CPU.ActiveCfg = Debug|Any CPU
		{ede73a65-0a10-74f8-843f-0429c1048944}.Debug|Any CPU.Build.0 = Debug|Any CPU
		{ede73a65-0a10-74f8-843f-0429c1048944}.Release|Any CPU.ActiveCfg = Release|Any CPU
		{ede73a65-0a10-74f8-843f-0429c1048944}.Release|Any CPU.Build.0 = Release|Any CPU
	EndGlobalSection
	GlobalSection(SolutionProperties) = preSolution
		HideSolutionNode = FALSE
	EndGlobalSection
EndGlobal
